<?xml version="1.0" encoding="utf-8"?>
<Project ToolsVersion="4.0" xmlns="http://schemas.microsoft.com/developer/msbuild/2003">
  <ItemGroup>
    <Filter Include="Source Files">
      <UniqueIdentifier>{4FC737F1-C7A5-4376-A066-2A32D752A2FF}</UniqueIdentifier>
      <Extensions>cpp;c;cc;cxx;def;odl;idl;hpj;bat;asm;asmx</Extensions>
    </Filter>
    <Filter Include="Header Files">
      <UniqueIdentifier>{93995380-89BD-4b04-88EB-625FBE52EBFB}</UniqueIdentifier>
      <Extensions>h;hh;hpp;hxx;hm;inl;inc;ipp;xsd</Extensions>
    </Filter>
    <Filter Include="Resource Files">
      <UniqueIdentifier>{67DA6AB6-F800-4c08-8B7A-83BB121AAD01}</UniqueIdentifier>
      <Extensions>rc;ico;cur;bmp;dlg;rc2;rct;bin;rgs;gif;jpg;jpeg;jpe;resx;tiff;tif;png;wav;mfcribbon-ms</Extensions>
    </Filter>
  </ItemGroup>
  <ItemGroup>
    <ClCompile Include="source\common\log.cpp">
      <Filter>Source Files</Filter>
    </ClCompile>
    <ClCompile Include="source\emulator\cartridge\backup\eeprom.cpp">
      <Filter>Source Files</Filter>
    </ClCompile>
    <ClCompile Include="source\emulator\cartridge\backup\flash.cpp">
      <Filter>Source Files</Filter>
    </ClCompile>
    <ClCompile Include="source\emulator\cartridge\gpio\gpio.cpp">
      <Filter>Source Files</Filter>
    </ClCompile>
    <ClCompile Include="source\emulator\cartridge\gpio\rtc.cpp">
      <Filter>Source Files</Filter>
    </ClCompile>
    <ClCompile Include="source\emulator\cartridge\game_db.cpp">
      <Filter>Source Files</Filter>
    </ClCompile>
    <ClCompile Include="source\emulator\config\config_toml.cpp">
      <Filter>Source Files</Filter>
    </ClCompile>
    <ClCompile Include="source\emulator\core\arm\tablegen\tablegen.cpp">
      <Filter>Source Files</Filter>
    </ClCompile>
    <ClCompile Include="source\emulator\core\hw\apu\channel\channel_noise.cpp">
      <Filter>Source Files</Filter>
    </ClCompile>
    <ClCompile Include="source\emulator\core\hw\apu\channel\channel_quad.cpp">
      <Filter>Source Files</Filter>
    </ClCompile>
    <ClCompile Include="source\emulator\core\hw\apu\channel\channel_wave.cpp">
      <Filter>Source Files</Filter>
    </ClCompile>
    <ClCompile Include="source\emulator\core\hw\apu\apu.cpp">
      <Filter>Source Files</Filter>
    </ClCompile>
    <ClCompile Include="source\emulator\core\hw\apu\callback.cpp">
      <Filter>Source Files</Filter>
    </ClCompile>
    <ClCompile Include="source\emulator\core\hw\apu\registers.cpp">
      <Filter>Source Files</Filter>
    </ClCompile>
    <ClCompile Include="source\emulator\core\hw\ppu\render\affine.cpp">
      <Filter>Source Files</Filter>
    </ClCompile>
    <ClCompile Include="source\emulator\core\hw\ppu\render\bitmap.cpp">
      <Filter>Source Files</Filter>
    </ClCompile>
    <ClCompile Include="source\emulator\core\hw\ppu\render\oam.cpp">
      <Filter>Source Files</Filter>
    </ClCompile>
    <ClCompile Include="source\emulator\core\hw\ppu\render\text.cpp">
      <Filter>Source Files</Filter>
    </ClCompile>
    <ClCompile Include="source\emulator\core\hw\ppu\render\window.cpp">
      <Filter>Source Files</Filter>
    </ClCompile>
    <ClCompile Include="source\emulator\core\hw\ppu\compose.cpp">
      <Filter>Source Files</Filter>
    </ClCompile>
    <ClCompile Include="source\emulator\core\hw\ppu\ppu.cpp">
      <Filter>Source Files</Filter>
    </ClCompile>
    <ClCompile Include="source\emulator\core\hw\ppu\registers.cpp">
      <Filter>Source Files</Filter>
    </ClCompile>
    <ClCompile Include="source\emulator\core\hw\dma.cpp">
      <Filter>Source Files</Filter>
    </ClCompile>
    <ClCompile Include="source\emulator\core\hw\interrupt.cpp">
      <Filter>Source Files</Filter>
    </ClCompile>
    <ClCompile Include="source\emulator\core\hw\serial.cpp">
      <Filter>Source Files</Filter>
    </ClCompile>
    <ClCompile Include="source\emulator\core\hw\timer.cpp">
      <Filter>Source Files</Filter>
    </ClCompile>
    <ClCompile Include="source\emulator\core\cpu.cpp">
      <Filter>Source Files</Filter>
    </ClCompile>
    <ClCompile Include="source\emulator\core\cpu-mmio.cpp">
      <Filter>Source Files</Filter>
    </ClCompile>
    <ClCompile Include="source\emulator\emulator.cpp">
      <Filter>Source Files</Filter>
    </ClCompile>
    <ClCompile Include="source\platform\sdl\main.cpp">
      <Filter>Source Files</Filter>
    </ClCompile>
    <ClCompile Include="source\third_party\fmtlib\src\format.cc">
      <Filter>Source Files</Filter>
    </ClCompile>
    <ClCompile Include="source\third_party\fmtlib\src\os.cc">
      <Filter>Source Files</Filter>
    </ClCompile>
  </ItemGroup>
  <ItemGroup>
    <Text Include="CMakeLists.txt" />
  </ItemGroup>
  <ItemGroup>
    <ClInclude Include="source\common\dsp\resampler\blep.hpp">
      <Filter>Header Files</Filter>
    </ClInclude>
    <ClInclude Include="source\common\dsp\resampler\cosine.hpp">
      <Filter>Header Files</Filter>
    </ClInclude>
    <ClInclude Include="source\common\dsp\resampler\cubic.hpp">
      <Filter>Header Files</Filter>
    </ClInclude>
    <ClInclude Include="source\common\dsp\resampler\nearest.hpp">
      <Filter>Header Files</Filter>
    </ClInclude>
    <ClInclude Include="source\common\dsp\resampler\windowed-sinc.hpp">
      <Filter>Header Files</Filter>
    </ClInclude>
    <ClInclude Include="source\common\dsp\resampler.hpp">
      <Filter>Header Files</Filter>
    </ClInclude>
    <ClInclude Include="source\common\dsp\ring_buffer.hpp">
      <Filter>Header Files</Filter>
    </ClInclude>
    <ClInclude Include="source\common\dsp\stereo.hpp">
      <Filter>Header Files</Filter>
    </ClInclude>
    <ClInclude Include="source\common\dsp\stream.hpp">
      <Filter>Header Files</Filter>
    </ClInclude>
    <ClInclude Include="source\common\framelimiter.hpp">
      <Filter>Header Files</Filter>
    </ClInclude>
    <ClInclude Include="source\common\likely.hpp">
      <Filter>Header Files</Filter>
    </ClInclude>
    <ClInclude Include="source\common\log.hpp">
      <Filter>Header Files</Filter>
    </ClInclude>
    <ClInclude Include="source\common\m4a.hpp">
      <Filter>Header Files</Filter>
    </ClInclude>
    <ClInclude Include="source\common\static_for.hpp">
      <Filter>Header Files</Filter>
    </ClInclude>
    <ClInclude Include="source\emulator\cartridge\backup\backup.hpp">
      <Filter>Header Files</Filter>
    </ClInclude>
    <ClInclude Include="source\emulator\cartridge\backup\backup_file.hpp">
      <Filter>Header Files</Filter>
    </ClInclude>
    <ClInclude Include="source\emulator\cartridge\backup\eeprom.hpp">
      <Filter>Header Files</Filter>
    </ClInclude>
    <ClInclude Include="source\emulator\cartridge\backup\flash.hpp">
      <Filter>Header Files</Filter>
    </ClInclude>
    <ClInclude Include="source\emulator\cartridge\backup\sram.hpp">
      <Filter>Header Files</Filter>
    </ClInclude>
    <ClInclude Include="source\emulator\cartridge\gpio\gpio.hpp">
      <Filter>Header Files</Filter>
    </ClInclude>
    <ClInclude Include="source\emulator\cartridge\gpio\rtc.hpp">
      <Filter>Header Files</Filter>
    </ClInclude>
    <ClInclude Include="source\emulator\cartridge\game_db.hpp">
      <Filter>Header Files</Filter>
    </ClInclude>
    <ClInclude Include="source\emulator\cartridge\header.hpp">
      <Filter>Header Files</Filter>
    </ClInclude>
    <ClInclude Include="source\emulator\config\config.hpp">
      <Filter>Header Files</Filter>
    </ClInclude>
    <ClInclude Include="source\emulator\config\config_toml.hpp">
      <Filter>Header Files</Filter>
    </ClInclude>
    <ClInclude Include="source\emulator\core\arm\arm7tdmi.hpp">
      <Filter>Header Files</Filter>
    </ClInclude>
    <ClInclude Include="source\emulator\core\arm\memory.hpp">
      <Filter>Header Files</Filter>
    </ClInclude>
    <ClInclude Include="source\emulator\core\arm\state.hpp">
      <Filter>Header Files</Filter>
    </ClInclude>
    <ClInclude Include="source\emulator\core\hw\apu\channel\channel_noise.hpp">
      <Filter>Header Files</Filter>
    </ClInclude>
    <ClInclude Include="source\emulator\core\hw\apu\channel\channel_quad.hpp">
      <Filter>Header Files</Filter>
    </ClInclude>
    <ClInclude Include="source\emulator\core\hw\apu\channel\channel_wave.hpp">
      <Filter>Header Files</Filter>
    </ClInclude>
    <ClInclude Include="source\emulator\core\hw\apu\channel\fifo.hpp">
      <Filter>Header Files</Filter>
    </ClInclude>
    <ClInclude Include="source\emulator\core\hw\apu\channel\sequencer.hpp">
      <Filter>Header Files</Filter>
    </ClInclude>
    <ClInclude Include="source\emulator\core\hw\apu\apu.hpp">
      <Filter>Header Files</Filter>
    </ClInclude>
    <ClInclude Include="source\emulator\core\hw\apu\registers.hpp">
      <Filter>Header Files</Filter>
    </ClInclude>
    <ClInclude Include="source\emulator\core\hw\ppu\ppu.hpp">
      <Filter>Header Files</Filter>
    </ClInclude>
    <ClInclude Include="source\emulator\core\hw\ppu\registers.hpp">
      <Filter>Header Files</Filter>
    </ClInclude>
    <ClInclude Include="source\emulator\core\hw\dma.hpp">
      <Filter>Header Files</Filter>
    </ClInclude>
    <ClInclude Include="source\emulator\core\hw\interrupt.hpp">
      <Filter>Header Files</Filter>
    </ClInclude>
    <ClInclude Include="source\emulator\core\hw\serial.hpp">
      <Filter>Header Files</Filter>
    </ClInclude>
    <ClInclude Include="source\emulator\core\hw\timer.hpp">
      <Filter>Header Files</Filter>
    </ClInclude>
    <ClInclude Include="source\emulator\core\cpu.hpp">
      <Filter>Header Files</Filter>
    </ClInclude>
    <ClInclude Include="source\emulator\core\cpu-mmio.hpp">
      <Filter>Header Files</Filter>
    </ClInclude>
    <ClInclude Include="source\emulator\core\scheduler.hpp">
      <Filter>Header Files</Filter>
    </ClInclude>
    <ClInclude Include="source\emulator\device\audio_device.hpp">
      <Filter>Header Files</Filter>
    </ClInclude>
    <ClInclude Include="source\emulator\device\input_device.hpp">
      <Filter>Header Files</Filter>
    </ClInclude>
    <ClInclude Include="source\emulator\device\video_device.hpp">
      <Filter>Header Files</Filter>
    </ClInclude>
    <ClInclude Include="source\emulator\emulator.hpp">
      <Filter>Header Files</Filter>
    </ClInclude>
    <ClInclude Include="source\platform\sdl\device\audio_device.hpp">
      <Filter>Header Files</Filter>
    </ClInclude>
  </ItemGroup>
  <ItemGroup>
    <None Include="source\emulator\core\arm\handlers\arithmetic.inl">
      <Filter>Header Files</Filter>
    </None>
    <None Include="source\emulator\core\arm\handlers\handler16.inl">
      <Filter>Header Files</Filter>
    </None>
    <None Include="source\emulator\core\arm\handlers\handler32.inl">
      <Filter>Header Files</Filter>
    </None>
    <None Include="source\emulator\core\arm\handlers\memory.inl">
      <Filter>Header Files</Filter>
    </None>
    <None Include="source\emulator\core\hw\ppu\helper.inl">
      <Filter>Header Files</Filter>
    </None>
    <None Include="source\emulator\core\cpu-memory.inl">
      <Filter>Header Files</Filter>
    </None>
  </ItemGroup>
</Project>