
Microsoft Visual Studio Solution File, Format Version 12.00
# Visual Studio Version 16
VisualStudioVersion = 16.0.30717.126
MinimumVisualStudioVersion = 10.0.40219.1
Project("{8BC9CEB8-8B4A-11D0-8D11-00A0C91BC942}") = "NanoboyAdvance", "NanoboyAdvance.vcxproj", "{2204E1F8-6AD7-4EC6-943C-D2CB7EB7D62B}"
EndProject
Global
	GlobalSection(SolutionConfigurationPlatforms) = preSolution
		Debug|x64 = Debug|x64
		Release with symbols|x64 = Release with symbols|x64
		Release|x64 = Release|x64
	EndGlobalSection
	GlobalSection(ProjectConfigurationPlatforms) = postSolution
		{2204E1F8-6AD7-4EC6-943C-D2CB7EB7D62B}.Debug|x64.ActiveCfg = Debug|x64
		{2204E1F8-6AD7-4EC6-943C-D2CB7EB7D62B}.Debug|x64.Build.0 = Debug|x64
		{2204E1F8-6AD7-4EC6-943C-D2CB7EB7D62B}.Release with symbols|x64.ActiveCfg = Release with symbols|x64
		{2204E1F8-6AD7-4EC6-943C-D2CB7EB7D62B}.Release with symbols|x64.Build.0 = Release with symbols|x64
		{2204E1F8-6AD7-4EC6-943C-D2CB7EB7D62B}.Release|x64.ActiveCfg = Release|x64
		{2204E1F8-6AD7-4EC6-943C-D2CB7EB7D62B}.Release|x64.Build.0 = Release|x64
	EndGlobalSection
	GlobalSection(SolutionProperties) = preSolution
		HideSolutionNode = FALSE
	EndGlobalSection
	GlobalSection(ExtensibilityGlobals) = postSolution
		SolutionGuid = {51B30AFC-CEA4-4C49-9AEC-B2EA94D353B6}
	EndGlobalSection
EndGlobal
